
Microsoft Visual Studio Solution File, Format Version 12.00
# Visual Studio Version 17
VisualStudioVersion = 17.1.32407.343
MinimumVisualStudioVersion = 10.0.40219.1
Project("{FAE04EC0-301F-11D3-BF4B-00C04F79EFBC}") = "csharp", "csharp.csproj", "{70BD2BE8-B663-4AFB-BF6E-1A72D70BF8DA}"
EndProject
Global
	GlobalSection(SolutionConfigurationPlatforms) = preSolution
		Debug|Any CPU = Debug|Any CPU
		Release|Any CPU = Release|Any CPU
	EndGlobalSection
	GlobalSection(ProjectConfigurationPlatforms) = postSolution
		{70BD2BE8-B663-4AFB-BF6E-1A72D70BF8DA}.Debug|Any CPU.ActiveCfg = Debug|Any CPU
		{70BD2BE8-B663-4AFB-BF6E-1A72D70BF8DA}.Debug|Any CPU.Build.0 = Debug|Any CPU
		{70BD2BE8-B663-4AFB-BF6E-1A72D70BF8DA}.Release|Any CPU.ActiveCfg = Release|Any CPU
		{70BD2BE8-B663-4AFB-BF6E-1A72D70BF8DA}.Release|Any CPU.Build.0 = Release|Any CPU
	EndGlobalSection
	GlobalSection(SolutionProperties) = preSolution
		HideSolutionNode = FALSE
	EndGlobalSection
	GlobalSection(ExtensibilityGlobals) = postSolution
		SolutionGuid = {E68760B8-76CD-4C79-BA25-7F58FE3CD949}
	EndGlobalSection
EndGlobal
