
Microsoft Visual Studio Solution File, Format Version 12.00
# Visual Studio Version 17
VisualStudioVersion = 17.1.32407.343
MinimumVisualStudioVersion = 10.0.40219.1
Project("{FAE04EC0-301F-11D3-BF4B-00C04F79EFBC}") = "csharp", "csharp.csproj", "{C657365A-141E-4C58-9FB9-C033C6947268}"
EndProject
Global
	GlobalSection(SolutionConfigurationPlatforms) = preSolution
		Debug|Any CPU = Debug|Any CPU
		Release|Any CPU = Release|Any CPU
	EndGlobalSection
	GlobalSection(ProjectConfigurationPlatforms) = postSolution
		{C657365A-141E-4C58-9FB9-C033C6947268}.Debug|Any CPU.ActiveCfg = Debug|Any CPU
		{C657365A-141E-4C58-9FB9-C033C6947268}.Debug|Any CPU.Build.0 = Debug|Any CPU
		{C657365A-141E-4C58-9FB9-C033C6947268}.Release|Any CPU.ActiveCfg = Release|Any CPU
		{C657365A-141E-4C58-9FB9-C033C6947268}.Release|Any CPU.Build.0 = Release|Any CPU
	EndGlobalSection
	GlobalSection(SolutionProperties) = preSolution
		HideSolutionNode = FALSE
	EndGlobalSection
	GlobalSection(ExtensibilityGlobals) = postSolution
		SolutionGuid = {61D9888A-C190-44F5-B2D9-684FC9C091F6}
	EndGlobalSection
EndGlobal
