
Microsoft Visual Studio Solution File, Format Version 12.00
# Visual Studio Version 17
VisualStudioVersion = 17.1.32407.343
MinimumVisualStudioVersion = 10.0.40219.1
Project("{FAE04EC0-301F-11D3-BF4B-00C04F79EFBC}") = "csharp", "csharp.csproj", "{C71E3FCE-6B33-4E88-81BE-D66FFEE7ADD1}"
EndProject
Global
	GlobalSection(SolutionConfigurationPlatforms) = preSolution
		Debug|Any CPU = Debug|Any CPU
		Release|Any CPU = Release|Any CPU
	EndGlobalSection
	GlobalSection(ProjectConfigurationPlatforms) = postSolution
		{C71E3FCE-6B33-4E88-81BE-D66FFEE7ADD1}.Debug|Any CPU.ActiveCfg = Debug|Any CPU
		{C71E3FCE-6B33-4E88-81BE-D66FFEE7ADD1}.Debug|Any CPU.Build.0 = Debug|Any CPU
		{C71E3FCE-6B33-4E88-81BE-D66FFEE7ADD1}.Release|Any CPU.ActiveCfg = Release|Any CPU
		{C71E3FCE-6B33-4E88-81BE-D66FFEE7ADD1}.Release|Any CPU.Build.0 = Release|Any CPU
	EndGlobalSection
	GlobalSection(SolutionProperties) = preSolution
		HideSolutionNode = FALSE
	EndGlobalSection
	GlobalSection(ExtensibilityGlobals) = postSolution
		SolutionGuid = {5F9DEE2B-3349-466B-B844-8BDA97FE9AE9}
	EndGlobalSection
EndGlobal
