
Microsoft Visual Studio Solution File, Format Version 12.00
# Visual Studio Version 17
VisualStudioVersion = 17.1.32407.343
MinimumVisualStudioVersion = 10.0.40219.1
Project("{FAE04EC0-301F-11D3-BF4B-00C04F79EFBC}") = "csharp", "csharp.csproj", "{66C2010C-55DF-49B5-A1A0-1B22F2BB6D44}"
EndProject
Global
	GlobalSection(SolutionConfigurationPlatforms) = preSolution
		Debug|Any CPU = Debug|Any CPU
		Release|Any CPU = Release|Any CPU
	EndGlobalSection
	GlobalSection(ProjectConfigurationPlatforms) = postSolution
		{66C2010C-55DF-49B5-A1A0-1B22F2BB6D44}.Debug|Any CPU.ActiveCfg = Debug|Any CPU
		{66C2010C-55DF-49B5-A1A0-1B22F2BB6D44}.Debug|Any CPU.Build.0 = Debug|Any CPU
		{66C2010C-55DF-49B5-A1A0-1B22F2BB6D44}.Release|Any CPU.ActiveCfg = Release|Any CPU
		{66C2010C-55DF-49B5-A1A0-1B22F2BB6D44}.Release|Any CPU.Build.0 = Release|Any CPU
	EndGlobalSection
	GlobalSection(SolutionProperties) = preSolution
		HideSolutionNode = FALSE
	EndGlobalSection
	GlobalSection(ExtensibilityGlobals) = postSolution
		SolutionGuid = {4C08FABF-DFD9-416C-9B2A-0F15E6900F7B}
	EndGlobalSection
EndGlobal
