
Microsoft Visual Studio Solution File, Format Version 12.00
# Visual Studio Version 17
VisualStudioVersion = 17.1.32407.343
MinimumVisualStudioVersion = 10.0.40219.1
Project("{8BC9CEB8-8B4A-11D0-8D11-00A0C91BC942}") = "cpp", "cpp.vcxproj", "{A2CE0CE8-9A1A-4465-8A92-D30CB3191E49}"
EndProject
Global
	GlobalSection(SolutionConfigurationPlatforms) = preSolution
		Debug|x64 = Debug|x64
		Debug|x86 = Debug|x86
		Release|x64 = Release|x64
		Release|x86 = Release|x86
	EndGlobalSection
	GlobalSection(ProjectConfigurationPlatforms) = postSolution
		{A2CE0CE8-9A1A-4465-8A92-D30CB3191E49}.Debug|x64.ActiveCfg = Debug|x64
		{A2CE0CE8-9A1A-4465-8A92-D30CB3191E49}.Debug|x64.Build.0 = Debug|x64
		{A2CE0CE8-9A1A-4465-8A92-D30CB3191E49}.Debug|x86.ActiveCfg = Debug|Win32
		{A2CE0CE8-9A1A-4465-8A92-D30CB3191E49}.Debug|x86.Build.0 = Debug|Win32
		{A2CE0CE8-9A1A-4465-8A92-D30CB3191E49}.Release|x64.ActiveCfg = Release|x64
		{A2CE0CE8-9A1A-4465-8A92-D30CB3191E49}.Release|x64.Build.0 = Release|x64
		{A2CE0CE8-9A1A-4465-8A92-D30CB3191E49}.Release|x86.ActiveCfg = Release|Win32
		{A2CE0CE8-9A1A-4465-8A92-D30CB3191E49}.Release|x86.Build.0 = Release|Win32
	EndGlobalSection
	GlobalSection(SolutionProperties) = preSolution
		HideSolutionNode = FALSE
	EndGlobalSection
	GlobalSection(ExtensibilityGlobals) = postSolution
		SolutionGuid = {64497E15-6A4A-40BD-9860-934FC0E2E991}
	EndGlobalSection
EndGlobal
