
Microsoft Visual Studio Solution File, Format Version 12.00
# Visual Studio Version 17
VisualStudioVersion = 17.1.32407.343
MinimumVisualStudioVersion = 10.0.40219.1
Project("{FAE04EC0-301F-11D3-BF4B-00C04F79EFBC}") = "csharp", "csharp.csproj", "{231107B1-C0F2-4847-90D2-557CE6D56824}"
EndProject
Global
	GlobalSection(SolutionConfigurationPlatforms) = preSolution
		Debug|Any CPU = Debug|Any CPU
		Release|Any CPU = Release|Any CPU
	EndGlobalSection
	GlobalSection(ProjectConfigurationPlatforms) = postSolution
		{231107B1-C0F2-4847-90D2-557CE6D56824}.Debug|Any CPU.ActiveCfg = Debug|Any CPU
		{231107B1-C0F2-4847-90D2-557CE6D56824}.Debug|Any CPU.Build.0 = Debug|Any CPU
		{231107B1-C0F2-4847-90D2-557CE6D56824}.Release|Any CPU.ActiveCfg = Release|Any CPU
		{231107B1-C0F2-4847-90D2-557CE6D56824}.Release|Any CPU.Build.0 = Release|Any CPU
	EndGlobalSection
	GlobalSection(SolutionProperties) = preSolution
		HideSolutionNode = FALSE
	EndGlobalSection
	GlobalSection(ExtensibilityGlobals) = postSolution
		SolutionGuid = {17DD1E71-AE4B-46F0-AE0E-F04A87BE681A}
	EndGlobalSection
EndGlobal
